{
  "requires": true,
  "lockfileVersion": 1,
  "dependencies": {
    "bigpicture": {
      "version": "2.3.1",
      "resolved": "https://registry.npmjs.org/bigpicture/-/bigpicture-2.3.1.tgz",
      "integrity": "sha512-N37qmM0R0YJKMGf3UKjGkhoU2k6NwH0VDsgqeQtsyM75Vj4YIQVPaAO62t6uysp0RoMDCReGaEbqc9fmmCjMWA=="
    }
  }
}
